<?xml version="1.0" encoding="utf-8"?>
<Project ToolsVersion="4.0" xmlns="http://schemas.microsoft.com/developer/msbuild/2003">
  <ItemGroup>
	<ClCompile Include="..\Starter.cpp" />
	<ClCompile Include="..\StarterClass.cpp" />
	<ClCompile Include="..\StarterStateMachine.cpp" />
	<ClCompile Include="..\CheckProcessUtil.cpp" />
	<ClCompile Include="..\PingThread.cpp" />
	<ClCompile Include="..\StarterUtil.cpp" />
	<ClCompile Include="..\StartProcessThread.cpp" />
  </ItemGroup>
  <ItemGroup>
	<ClInclude Include="..\Starter.h"> </ClInclude>
	<ClInclude Include="..\StarterClass.h"> </ClInclude>
  </ItemGroup>
  <ItemGroup>
    <Filter Include="Header Files">
      <UniqueIdentifier>{26066fcf-2f85-4ed9-978a-766eb01b58f5}</UniqueIdentifier>
    </Filter>
  </ItemGroup>
</Project>
